
Microsoft Visual Studio Solution File, Format Version 12.00
# Visual Studio Version 17
VisualStudioVersion = 17.1.32421.90
MinimumVisualStudioVersion = 10.0.40219.1
Project("{FAE04EC0-301F-11D3-BF4B-00C04F79EFBC}") = "BidMicroService", "BidMicroService\BidMicroService.csproj", "{5C78755A-D516-4913-A942-0666A5B724D0}"
EndProject
Global
	GlobalSection(SolutionConfigurationPlatforms) = preSolution
		Debug|Any CPU = Debug|Any CPU
		Release|Any CPU = Release|Any CPU
	EndGlobalSection
	GlobalSection(ProjectConfigurationPlatforms) = postSolution
		{5C78755A-D516-4913-A942-0666A5B724D0}.Debug|Any CPU.ActiveCfg = Debug|Any CPU
		{5C78755A-D516-4913-A942-0666A5B724D0}.Debug|Any CPU.Build.0 = Debug|Any CPU
		{5C78755A-D516-4913-A942-0666A5B724D0}.Release|Any CPU.ActiveCfg = Release|Any CPU
		{5C78755A-D516-4913-A942-0666A5B724D0}.Release|Any CPU.Build.0 = Release|Any CPU
	EndGlobalSection
	GlobalSection(SolutionProperties) = preSolution
		HideSolutionNode = FALSE
	EndGlobalSection
	GlobalSection(ExtensibilityGlobals) = postSolution
		SolutionGuid = {DE4D0933-1B43-44C0-8C28-1E0DD0D9896D}
	EndGlobalSection
EndGlobal
