
Microsoft Visual Studio Solution File, Format Version 12.00
# Visual Studio Version 17
VisualStudioVersion = 17.1.32421.90
MinimumVisualStudioVersion = 10.0.40219.1
Project("{9A19103F-16F7-4668-BE54-9A1E7A4F7556}") = "AuthenticationService", "AuthenticationService\AuthenticationService.csproj", "{C87E282A-4511-42AB-98B4-376170344953}"
EndProject
Project("{9A19103F-16F7-4668-BE54-9A1E7A4F7556}") = "BidMicroService", "BidMicroService\BidMicroService.csproj", "{61F7A327-CCD8-4C80-A2FE-531A31E48E75}"
EndProject
Project("{9A19103F-16F7-4668-BE54-9A1E7A4F7556}") = "EmailService", "EmailService\EmailService.csproj", "{9CE3E85A-0E6C-49AC-9157-E3D22D70C64C}"
EndProject
Project("{9A19103F-16F7-4668-BE54-9A1E7A4F7556}") = "ImageMicroservice", "ImageMicroservice\ImageMicroservice.csproj", "{AB72BD5E-F8AC-4227-927F-299BEF54A907}"
EndProject
Project("{9A19103F-16F7-4668-BE54-9A1E7A4F7556}") = "UserMicroservice", "UserMicroservice\UserMicroservice.csproj", "{27F80EC4-659F-4C15-82A2-316A36EDF70C}"
EndProject
Project("{9A19103F-16F7-4668-BE54-9A1E7A4F7556}") = "PostageMicroService", "PostageMicroService\PostageMicroService.csproj", "{A41DA37F-82B3-4DCD-A00B-C94A51268632}"
EndProject
Project("{9A19103F-16F7-4668-BE54-9A1E7A4F7556}") = "TagsMicroService", "TagsMicroService\TagsMicroService.csproj", "{70CC9281-5729-4811-87F5-29A05DB1F955}"
EndProject
Project("{9A19103F-16F7-4668-BE54-9A1E7A4F7556}") = "WatchlistMicroservice", "WatchlistMicroservice\WatchlistMicroservice.csproj", "{54DA9129-F110-4B16-A1BA-E02C4BA406C2}"
EndProject
Project("{2150E333-8FDC-42A3-9474-1A3956D46DE8}") = "Solution Items", "Solution Items", "{7B813658-869E-4C35-8E75-AB7A11B890F5}"
	ProjectSection(SolutionItems) = preProject
		docker-compose.yml = docker-compose.yml
	EndProjectSection
EndProject
Project("{9A19103F-16F7-4668-BE54-9A1E7A4F7556}") = "AuctionMicroService", "AuctionMicroService\AuctionMicroService.csproj", "{E8CA2C70-6EE2-4C53-A20D-966AE631998C}"
EndProject
Global
	GlobalSection(SolutionConfigurationPlatforms) = preSolution
		Debug|Any CPU = Debug|Any CPU
		Release|Any CPU = Release|Any CPU
	EndGlobalSection
	GlobalSection(ProjectConfigurationPlatforms) = postSolution
		{C87E282A-4511-42AB-98B4-376170344953}.Debug|Any CPU.ActiveCfg = Debug|Any CPU
		{C87E282A-4511-42AB-98B4-376170344953}.Debug|Any CPU.Build.0 = Debug|Any CPU
		{C87E282A-4511-42AB-98B4-376170344953}.Release|Any CPU.ActiveCfg = Release|Any CPU
		{C87E282A-4511-42AB-98B4-376170344953}.Release|Any CPU.Build.0 = Release|Any CPU
		{61F7A327-CCD8-4C80-A2FE-531A31E48E75}.Debug|Any CPU.ActiveCfg = Debug|Any CPU
		{61F7A327-CCD8-4C80-A2FE-531A31E48E75}.Debug|Any CPU.Build.0 = Debug|Any CPU
		{61F7A327-CCD8-4C80-A2FE-531A31E48E75}.Release|Any CPU.ActiveCfg = Release|Any CPU
		{61F7A327-CCD8-4C80-A2FE-531A31E48E75}.Release|Any CPU.Build.0 = Release|Any CPU
		{9CE3E85A-0E6C-49AC-9157-E3D22D70C64C}.Debug|Any CPU.ActiveCfg = Debug|Any CPU
		{9CE3E85A-0E6C-49AC-9157-E3D22D70C64C}.Debug|Any CPU.Build.0 = Debug|Any CPU
		{9CE3E85A-0E6C-49AC-9157-E3D22D70C64C}.Release|Any CPU.ActiveCfg = Release|Any CPU
		{9CE3E85A-0E6C-49AC-9157-E3D22D70C64C}.Release|Any CPU.Build.0 = Release|Any CPU
		{AB72BD5E-F8AC-4227-927F-299BEF54A907}.Debug|Any CPU.ActiveCfg = Debug|Any CPU
		{AB72BD5E-F8AC-4227-927F-299BEF54A907}.Debug|Any CPU.Build.0 = Debug|Any CPU
		{AB72BD5E-F8AC-4227-927F-299BEF54A907}.Release|Any CPU.ActiveCfg = Release|Any CPU
		{AB72BD5E-F8AC-4227-927F-299BEF54A907}.Release|Any CPU.Build.0 = Release|Any CPU
		{27F80EC4-659F-4C15-82A2-316A36EDF70C}.Debug|Any CPU.ActiveCfg = Debug|Any CPU
		{27F80EC4-659F-4C15-82A2-316A36EDF70C}.Debug|Any CPU.Build.0 = Debug|Any CPU
		{27F80EC4-659F-4C15-82A2-316A36EDF70C}.Release|Any CPU.ActiveCfg = Release|Any CPU
		{27F80EC4-659F-4C15-82A2-316A36EDF70C}.Release|Any CPU.Build.0 = Release|Any CPU
		{A41DA37F-82B3-4DCD-A00B-C94A51268632}.Debug|Any CPU.ActiveCfg = Debug|Any CPU
		{A41DA37F-82B3-4DCD-A00B-C94A51268632}.Debug|Any CPU.Build.0 = Debug|Any CPU
		{A41DA37F-82B3-4DCD-A00B-C94A51268632}.Release|Any CPU.ActiveCfg = Release|Any CPU
		{A41DA37F-82B3-4DCD-A00B-C94A51268632}.Release|Any CPU.Build.0 = Release|Any CPU
		{70CC9281-5729-4811-87F5-29A05DB1F955}.Debug|Any CPU.ActiveCfg = Debug|Any CPU
		{70CC9281-5729-4811-87F5-29A05DB1F955}.Debug|Any CPU.Build.0 = Debug|Any CPU
		{70CC9281-5729-4811-87F5-29A05DB1F955}.Release|Any CPU.ActiveCfg = Release|Any CPU
		{70CC9281-5729-4811-87F5-29A05DB1F955}.Release|Any CPU.Build.0 = Release|Any CPU
		{54DA9129-F110-4B16-A1BA-E02C4BA406C2}.Debug|Any CPU.ActiveCfg = Debug|Any CPU
		{54DA9129-F110-4B16-A1BA-E02C4BA406C2}.Debug|Any CPU.Build.0 = Debug|Any CPU
		{54DA9129-F110-4B16-A1BA-E02C4BA406C2}.Release|Any CPU.ActiveCfg = Release|Any CPU
		{54DA9129-F110-4B16-A1BA-E02C4BA406C2}.Release|Any CPU.Build.0 = Release|Any CPU
		{E8CA2C70-6EE2-4C53-A20D-966AE631998C}.Debug|Any CPU.ActiveCfg = Debug|Any CPU
		{E8CA2C70-6EE2-4C53-A20D-966AE631998C}.Debug|Any CPU.Build.0 = Debug|Any CPU
		{E8CA2C70-6EE2-4C53-A20D-966AE631998C}.Release|Any CPU.ActiveCfg = Release|Any CPU
		{E8CA2C70-6EE2-4C53-A20D-966AE631998C}.Release|Any CPU.Build.0 = Release|Any CPU
	EndGlobalSection
	GlobalSection(SolutionProperties) = preSolution
		HideSolutionNode = FALSE
	EndGlobalSection
	GlobalSection(ExtensibilityGlobals) = postSolution
		SolutionGuid = {83F7ACA9-4E8B-4839-9ED2-889660C1D0C9}
	EndGlobalSection
EndGlobal
