
Microsoft Visual Studio Solution File, Format Version 12.00
# Visual Studio Version 17
VisualStudioVersion = 17.1.32421.90
MinimumVisualStudioVersion = 10.0.40219.1
Project("{FAE04EC0-301F-11D3-BF4B-00C04F79EFBC}") = "AuthenticationService", "AuthenticationService\AuthenticationService.csproj", "{16755CE9-08FA-4E3D-A4D0-4970EE20AB76}"
EndProject
Global
	GlobalSection(SolutionConfigurationPlatforms) = preSolution
		Debug|Any CPU = Debug|Any CPU
		Release|Any CPU = Release|Any CPU
	EndGlobalSection
	GlobalSection(ProjectConfigurationPlatforms) = postSolution
		{16755CE9-08FA-4E3D-A4D0-4970EE20AB76}.Debug|Any CPU.ActiveCfg = Debug|Any CPU
		{16755CE9-08FA-4E3D-A4D0-4970EE20AB76}.Debug|Any CPU.Build.0 = Debug|Any CPU
		{16755CE9-08FA-4E3D-A4D0-4970EE20AB76}.Release|Any CPU.ActiveCfg = Release|Any CPU
		{16755CE9-08FA-4E3D-A4D0-4970EE20AB76}.Release|Any CPU.Build.0 = Release|Any CPU
	EndGlobalSection
	GlobalSection(SolutionProperties) = preSolution
		HideSolutionNode = FALSE
	EndGlobalSection
	GlobalSection(ExtensibilityGlobals) = postSolution
		SolutionGuid = {3DFA711C-CFD9-4107-BEDE-D6507A7C809D}
	EndGlobalSection
EndGlobal
